// !$*UTF8*$!
{
	archiveVersion = 1;
	classes = {
	};
	objectVersion = 56;
	objects = {

/* Begin PBXBuildFile section */
		42C2A6BB2B3F06BA009EA270 /* MediBridge_final1App.swift in Sources */ = {isa = PBXBuildFile; fileRef = 42C2A6BA2B3F06BA009EA270 /* MediBridge_final1App.swift */; };
		42C2A6BD2B3F06BA009EA270 /* ContentView.swift in Sources */ = {isa = PBXBuildFile; fileRef = 42C2A6BC2B3F06BA009EA270 /* ContentView.swift */; };
		42C2A6BF2B3F06BD009EA270 /* Assets.xcassets in Resources */ = {isa = PBXBuildFile; fileRef = 42C2A6BE2B3F06BD009EA270 /* Assets.xcassets */; };
		42C2A6C22B3F06BD009EA270 /* Preview Assets.xcassets in Resources */ = {isa = PBXBuildFile; fileRef = 42C2A6C12B3F06BD009EA270 /* Preview Assets.xcassets */; };
		42C2A6CC2B3F06BE009EA270 /* MediBridge_final1Tests.swift in Sources */ = {isa = PBXBuildFile; fileRef = 42C2A6CB2B3F06BE009EA270 /* MediBridge_final1Tests.swift */; };
		42C2A6D62B3F06BE009EA270 /* MediBridge_final1UITests.swift in Sources */ = {isa = PBXBuildFile; fileRef = 42C2A6D52B3F06BE009EA270 /* MediBridge_final1UITests.swift */; };
		42C2A6D82B3F06BE009EA270 /* MediBridge_final1UITestsLaunchTests.swift in Sources */ = {isa = PBXBuildFile; fileRef = 42C2A6D72B3F06BE009EA270 /* MediBridge_final1UITestsLaunchTests.swift */; };
		42C2A6E52B3F0F38009EA270 /* ConditionsPageView.swift in Sources */ = {isa = PBXBuildFile; fileRef = 42C2A6E42B3F0F38009EA270 /* ConditionsPageView.swift */; };
		42C2A6E72B3F202D009EA270 /* LoginView.swift in Sources */ = {isa = PBXBuildFile; fileRef = 42C2A6E62B3F202D009EA270 /* LoginView.swift */; };
		42C2A6E92B3F2071009EA270 /* HomePageView.swift in Sources */ = {isa = PBXBuildFile; fileRef = 42C2A6E82B3F2071009EA270 /* HomePageView.swift */; };
		42C2A6EB2B3F2085009EA270 /* SignUpView.swift in Sources */ = {isa = PBXBuildFile; fileRef = 42C2A6EA2B3F2085009EA270 /* SignUpView.swift */; };
		42C2A6ED2B3F20DE009EA270 /* UrgentCareView.swift in Sources */ = {isa = PBXBuildFile; fileRef = 42C2A6EC2B3F20DE009EA270 /* UrgentCareView.swift */; };
		42C2A6EF2B3F212E009EA270 /* Home2View.swift in Sources */ = {isa = PBXBuildFile; fileRef = 42C2A6EE2B3F212E009EA270 /* Home2View.swift */; };
		42C2A6F12B3F213E009EA270 /* MedicinesView.swift in Sources */ = {isa = PBXBuildFile; fileRef = 42C2A6F02B3F213E009EA270 /* MedicinesView.swift */; };
		42C2A7052B3F3923009EA270 /* CallView.swift in Sources */ = {isa = PBXBuildFile; fileRef = 42C2A7042B3F3923009EA270 /* CallView.swift */; };
		42C2A7072B3F39B2009EA270 /* ChatView.swift in Sources */ = {isa = PBXBuildFile; fileRef = 42C2A7062B3F39B2009EA270 /* ChatView.swift */; };
		42C2A7092B3F3A0A009EA270 /* VcallView.swift in Sources */ = {isa = PBXBuildFile; fileRef = 42C2A7082B3F3A0A009EA270 /* VcallView.swift */; };
		42C2A70B2B3F3B5A009EA270 /* ProfileView.swift in Sources */ = {isa = PBXBuildFile; fileRef = 42C2A70A2B3F3B5A009EA270 /* ProfileView.swift */; };
		42C2A70D2B3F431A009EA270 /* DonationView.swift in Sources */ = {isa = PBXBuildFile; fileRef = 42C2A70C2B3F431A009EA270 /* DonationView.swift */; };
		4B0EE8522B6407B8002A01CB /* UserAgreement.swift in Sources */ = {isa = PBXBuildFile; fileRef = 4B0EE8512B6407B8002A01CB /* UserAgreement.swift */; };
		4B0EE8532B6407B8002A01CB /* UserAgreement.swift in Sources */ = {isa = PBXBuildFile; fileRef = 4B0EE8512B6407B8002A01CB /* UserAgreement.swift */; };
		4B0EE8542B6407B8002A01CB /* UserAgreement.swift in Sources */ = {isa = PBXBuildFile; fileRef = 4B0EE8512B6407B8002A01CB /* UserAgreement.swift */; };
		4B0EE8772B6408E9002A01CB /* FirebaseViewModel.swift in Sources */ = {isa = PBXBuildFile; fileRef = 4B0EE8762B6408E9002A01CB /* FirebaseViewModel.swift */; };
		4B0EE8782B6408E9002A01CB /* FirebaseViewModel.swift in Sources */ = {isa = PBXBuildFile; fileRef = 4B0EE8762B6408E9002A01CB /* FirebaseViewModel.swift */; };
		4B0EE8792B6408E9002A01CB /* FirebaseViewModel.swift in Sources */ = {isa = PBXBuildFile; fileRef = 4B0EE8762B6408E9002A01CB /* FirebaseViewModel.swift */; };
		4B0EE87B2B64091A002A01CB /* viewModelLocator.swift in Sources */ = {isa = PBXBuildFile; fileRef = 4B0EE87A2B64091A002A01CB /* viewModelLocator.swift */; };
		4B0EE87C2B64091A002A01CB /* viewModelLocator.swift in Sources */ = {isa = PBXBuildFile; fileRef = 4B0EE87A2B64091A002A01CB /* viewModelLocator.swift */; };
		4B0EE87D2B64091A002A01CB /* viewModelLocator.swift in Sources */ = {isa = PBXBuildFile; fileRef = 4B0EE87A2B64091A002A01CB /* viewModelLocator.swift */; };
		4B8B5F5C2B6BE9EE00F90018 /* FirebaseAnalytics in Frameworks */ = {isa = PBXBuildFile; productRef = 4B8B5F5B2B6BE9EE00F90018 /* FirebaseAnalytics */; };
		4B8B5F5E2B6BE9EE00F90018 /* FirebaseAnalyticsSwift in Frameworks */ = {isa = PBXBuildFile; productRef = 4B8B5F5D2B6BE9EE00F90018 /* FirebaseAnalyticsSwift */; };
		4B8B5F602B6BE9EE00F90018 /* FirebaseAppCheck in Frameworks */ = {isa = PBXBuildFile; productRef = 4B8B5F5F2B6BE9EE00F90018 /* FirebaseAppCheck */; };
		4B8B5F622B6BE9EE00F90018 /* FirebaseAppDistribution-Beta in Frameworks */ = {isa = PBXBuildFile; productRef = 4B8B5F612B6BE9EE00F90018 /* FirebaseAppDistribution-Beta */; };
		4B8B5F642B6BE9EE00F90018 /* FirebaseAuth in Frameworks */ = {isa = PBXBuildFile; productRef = 4B8B5F632B6BE9EE00F90018 /* FirebaseAuth */; };
		4B8B5F682B6BE9EE00F90018 /* FirebaseDatabase in Frameworks */ = {isa = PBXBuildFile; productRef = 4B8B5F672B6BE9EE00F90018 /* FirebaseDatabase */; };
		4B8B5F6A2B6BE9EE00F90018 /* FirebaseDatabaseSwift in Frameworks */ = {isa = PBXBuildFile; productRef = 4B8B5F692B6BE9EE00F90018 /* FirebaseDatabaseSwift */; };
		4B8B5F6C2B6BE9EE00F90018 /* FirebaseDynamicLinks in Frameworks */ = {isa = PBXBuildFile; productRef = 4B8B5F6B2B6BE9EE00F90018 /* FirebaseDynamicLinks */; };
		4B8B5F6E2B6BE9EE00F90018 /* FirebaseFirestore in Frameworks */ = {isa = PBXBuildFile; productRef = 4B8B5F6D2B6BE9EE00F90018 /* FirebaseFirestore */; };
		4B8B5F722B6BE9EE00F90018 /* FirebaseFirestoreSwift in Frameworks */ = {isa = PBXBuildFile; productRef = 4B8B5F712B6BE9EE00F90018 /* FirebaseFirestoreSwift */; };
		4B8B5F742B6BE9EE00F90018 /* FirebaseFunctions in Frameworks */ = {isa = PBXBuildFile; productRef = 4B8B5F732B6BE9EE00F90018 /* FirebaseFunctions */; };
		4B8B5F7C2B6BE9EE00F90018 /* FirebaseInstallations in Frameworks */ = {isa = PBXBuildFile; productRef = 4B8B5F7B2B6BE9EE00F90018 /* FirebaseInstallations */; };
		4B8B5F802B6BE9EE00F90018 /* FirebaseStorage in Frameworks */ = {isa = PBXBuildFile; productRef = 4B8B5F7F2B6BE9EE00F90018 /* FirebaseStorage */; };
		4BF723AD2B6E1C1500910FE3 /* AuthenticationManager.swift in Sources */ = {isa = PBXBuildFile; fileRef = 4BF723AC2B6E1C1500910FE3 /* AuthenticationManager.swift */; };
		4BF723AF2B6E247900910FE3 /* AuthenticationView.swift in Sources */ = {isa = PBXBuildFile; fileRef = 4BF723AE2B6E247900910FE3 /* AuthenticationView.swift */; };
		4BF723B12B6E2B0900910FE3 /* GoogleService-Info.plist in Resources */ = {isa = PBXBuildFile; fileRef = 4BF723B02B6E2B0900910FE3 /* GoogleService-Info.plist */; };
/* End PBXBuildFile section */

/* Begin PBXContainerItemProxy section */
		42C2A6C82B3F06BE009EA270 /* PBXContainerItemProxy */ = {
			isa = PBXContainerItemProxy;
			containerPortal = 42C2A6AF2B3F06BA009EA270 /* Project object */;
			proxyType = 1;
			remoteGlobalIDString = 42C2A6B62B3F06BA009EA270;
			remoteInfo = "MediBridge final1";
		};
		42C2A6D22B3F06BE009EA270 /* PBXContainerItemProxy */ = {
			isa = PBXContainerItemProxy;
			containerPortal = 42C2A6AF2B3F06BA009EA270 /* Project object */;
			proxyType = 1;
			remoteGlobalIDString = 42C2A6B62B3F06BA009EA270;
			remoteInfo = "MediBridge final1";
		};
/* End PBXContainerItemProxy section */

/* Begin PBXFileReference section */
		42C2A6B72B3F06BA009EA270 /* MediBridge final1.app */ = {isa = PBXFileReference; explicitFileType = wrapper.application; includeInIndex = 0; path = "MediBridge final1.app"; sourceTree = BUILT_PRODUCTS_DIR; };
		42C2A6BA2B3F06BA009EA270 /* MediBridge_final1App.swift */ = {isa = PBXFileReference; lastKnownFileType = sourcecode.swift; path = MediBridge_final1App.swift; sourceTree = "<group>"; };
		42C2A6BC2B3F06BA009EA270 /* ContentView.swift */ = {isa = PBXFileReference; lastKnownFileType = sourcecode.swift; path = ContentView.swift; sourceTree = "<group>"; };
		42C2A6BE2B3F06BD009EA270 /* Assets.xcassets */ = {isa = PBXFileReference; lastKnownFileType = folder.assetcatalog; path = Assets.xcassets; sourceTree = "<group>"; };
		42C2A6C12B3F06BD009EA270 /* Preview Assets.xcassets */ = {isa = PBXFileReference; lastKnownFileType = folder.assetcatalog; path = "Preview Assets.xcassets"; sourceTree = "<group>"; };
		42C2A6C72B3F06BE009EA270 /* MediBridge final1Tests.xctest */ = {isa = PBXFileReference; explicitFileType = wrapper.cfbundle; includeInIndex = 0; path = "MediBridge final1Tests.xctest"; sourceTree = BUILT_PRODUCTS_DIR; };
		42C2A6CB2B3F06BE009EA270 /* MediBridge_final1Tests.swift */ = {isa = PBXFileReference; lastKnownFileType = sourcecode.swift; path = MediBridge_final1Tests.swift; sourceTree = "<group>"; };
		42C2A6D12B3F06BE009EA270 /* MediBridge final1UITests.xctest */ = {isa = PBXFileReference; explicitFileType = wrapper.cfbundle; includeInIndex = 0; path = "MediBridge final1UITests.xctest"; sourceTree = BUILT_PRODUCTS_DIR; };
		42C2A6D52B3F06BE009EA270 /* MediBridge_final1UITests.swift */ = {isa = PBXFileReference; lastKnownFileType = sourcecode.swift; path = MediBridge_final1UITests.swift; sourceTree = "<group>"; };
		42C2A6D72B3F06BE009EA270 /* MediBridge_final1UITestsLaunchTests.swift */ = {isa = PBXFileReference; lastKnownFileType = sourcecode.swift; path = MediBridge_final1UITestsLaunchTests.swift; sourceTree = "<group>"; };
		42C2A6E42B3F0F38009EA270 /* ConditionsPageView.swift */ = {isa = PBXFileReference; lastKnownFileType = sourcecode.swift; path = ConditionsPageView.swift; sourceTree = "<group>"; };
		42C2A6E62B3F202D009EA270 /* LoginView.swift */ = {isa = PBXFileReference; lastKnownFileType = sourcecode.swift; path = LoginView.swift; sourceTree = "<group>"; };
		42C2A6E82B3F2071009EA270 /* HomePageView.swift */ = {isa = PBXFileReference; lastKnownFileType = sourcecode.swift; path = HomePageView.swift; sourceTree = "<group>"; };
		42C2A6EA2B3F2085009EA270 /* SignUpView.swift */ = {isa = PBXFileReference; lastKnownFileType = sourcecode.swift; path = SignUpView.swift; sourceTree = "<group>"; };
		42C2A6EC2B3F20DE009EA270 /* UrgentCareView.swift */ = {isa = PBXFileReference; lastKnownFileType = sourcecode.swift; path = UrgentCareView.swift; sourceTree = "<group>"; };
		42C2A6EE2B3F212E009EA270 /* Home2View.swift */ = {isa = PBXFileReference; lastKnownFileType = sourcecode.swift; path = Home2View.swift; sourceTree = "<group>"; };
		42C2A6F02B3F213E009EA270 /* MedicinesView.swift */ = {isa = PBXFileReference; lastKnownFileType = sourcecode.swift; path = MedicinesView.swift; sourceTree = "<group>"; };
		42C2A7042B3F3923009EA270 /* CallView.swift */ = {isa = PBXFileReference; lastKnownFileType = sourcecode.swift; path = CallView.swift; sourceTree = "<group>"; };
		42C2A7062B3F39B2009EA270 /* ChatView.swift */ = {isa = PBXFileReference; lastKnownFileType = sourcecode.swift; path = ChatView.swift; sourceTree = "<group>"; };
		42C2A7082B3F3A0A009EA270 /* VcallView.swift */ = {isa = PBXFileReference; lastKnownFileType = sourcecode.swift; path = VcallView.swift; sourceTree = "<group>"; };
		42C2A70A2B3F3B5A009EA270 /* ProfileView.swift */ = {isa = PBXFileReference; lastKnownFileType = sourcecode.swift; path = ProfileView.swift; sourceTree = "<group>"; };
		42C2A70C2B3F431A009EA270 /* DonationView.swift */ = {isa = PBXFileReference; lastKnownFileType = sourcecode.swift; path = DonationView.swift; sourceTree = "<group>"; };
		4B0EE8512B6407B8002A01CB /* UserAgreement.swift */ = {isa = PBXFileReference; lastKnownFileType = sourcecode.swift; path = UserAgreement.swift; sourceTree = "<group>"; };
		4B0EE8762B6408E9002A01CB /* FirebaseViewModel.swift */ = {isa = PBXFileReference; lastKnownFileType = sourcecode.swift; path = FirebaseViewModel.swift; sourceTree = "<group>"; };
		4B0EE87A2B64091A002A01CB /* viewModelLocator.swift */ = {isa = PBXFileReference; lastKnownFileType = sourcecode.swift; path = viewModelLocator.swift; sourceTree = "<group>"; };
		4BF723AC2B6E1C1500910FE3 /* AuthenticationManager.swift */ = {isa = PBXFileReference; lastKnownFileType = sourcecode.swift; path = AuthenticationManager.swift; sourceTree = "<group>"; };
		4BF723AE2B6E247900910FE3 /* AuthenticationView.swift */ = {isa = PBXFileReference; lastKnownFileType = sourcecode.swift; path = AuthenticationView.swift; sourceTree = "<group>"; };
		4BF723B02B6E2B0900910FE3 /* GoogleService-Info.plist */ = {isa = PBXFileReference; fileEncoding = 4; lastKnownFileType = text.plist.xml; path = "GoogleService-Info.plist"; sourceTree = "<group>"; };
/* End PBXFileReference section */

/* Begin PBXFrameworksBuildPhase section */
		42C2A6B42B3F06BA009EA270 /* Frameworks */ = {
			isa = PBXFrameworksBuildPhase;
			buildActionMask = 2147483647;
			files = (
				4B8B5F6A2B6BE9EE00F90018 /* FirebaseDatabaseSwift in Frameworks */,
				4B8B5F5E2B6BE9EE00F90018 /* FirebaseAnalyticsSwift in Frameworks */,
				4B8B5F6E2B6BE9EE00F90018 /* FirebaseFirestore in Frameworks */,
				4B8B5F642B6BE9EE00F90018 /* FirebaseAuth in Frameworks */,
				4B8B5F602B6BE9EE00F90018 /* FirebaseAppCheck in Frameworks */,
				4B8B5F802B6BE9EE00F90018 /* FirebaseStorage in Frameworks */,
				4B8B5F7C2B6BE9EE00F90018 /* FirebaseInstallations in Frameworks */,
				4B8B5F6C2B6BE9EE00F90018 /* FirebaseDynamicLinks in Frameworks */,
				4B8B5F5C2B6BE9EE00F90018 /* FirebaseAnalytics in Frameworks */,
				4B8B5F742B6BE9EE00F90018 /* FirebaseFunctions in Frameworks */,
				4B8B5F682B6BE9EE00F90018 /* FirebaseDatabase in Frameworks */,
				4B8B5F622B6BE9EE00F90018 /* FirebaseAppDistribution-Beta in Frameworks */,
				4B8B5F722B6BE9EE00F90018 /* FirebaseFirestoreSwift in Frameworks */,
			);
			runOnlyForDeploymentPostprocessing = 0;
		};
		42C2A6C42B3F06BE009EA270 /* Frameworks */ = {
			isa = PBXFrameworksBuildPhase;
			buildActionMask = 2147483647;
			files = (
			);
			runOnlyForDeploymentPostprocessing = 0;
		};
		42C2A6CE2B3F06BE009EA270 /* Frameworks */ = {
			isa = PBXFrameworksBuildPhase;
			buildActionMask = 2147483647;
			files = (
			);
			runOnlyForDeploymentPostprocessing = 0;
		};
/* End PBXFrameworksBuildPhase section */

/* Begin PBXGroup section */
		42C2A6AE2B3F06BA009EA270 = {
			isa = PBXGroup;
			children = (
				42C2A6B92B3F06BA009EA270 /* MediBridge final1 */,
				42C2A6CA2B3F06BE009EA270 /* MediBridge final1Tests */,
				42C2A6D42B3F06BE009EA270 /* MediBridge final1UITests */,
				42C2A6B82B3F06BA009EA270 /* Products */,
			);
			sourceTree = "<group>";
		};
		42C2A6B82B3F06BA009EA270 /* Products */ = {
			isa = PBXGroup;
			children = (
				42C2A6B72B3F06BA009EA270 /* MediBridge final1.app */,
				42C2A6C72B3F06BE009EA270 /* MediBridge final1Tests.xctest */,
				42C2A6D12B3F06BE009EA270 /* MediBridge final1UITests.xctest */,
			);
			name = Products;
			sourceTree = "<group>";
		};
		42C2A6B92B3F06BA009EA270 /* MediBridge final1 */ = {
			isa = PBXGroup;
			children = (
				42C2A6BA2B3F06BA009EA270 /* MediBridge_final1App.swift */,
				42C2A6BC2B3F06BA009EA270 /* ContentView.swift */,
				4BF723AE2B6E247900910FE3 /* AuthenticationView.swift */,
				42C2A6E42B3F0F38009EA270 /* ConditionsPageView.swift */,
				42C2A6E62B3F202D009EA270 /* LoginView.swift */,
				4BF723AC2B6E1C1500910FE3 /* AuthenticationManager.swift */,
				42C2A6EA2B3F2085009EA270 /* SignUpView.swift */,
				42C2A6E82B3F2071009EA270 /* HomePageView.swift */,
				42C2A6EE2B3F212E009EA270 /* Home2View.swift */,
				42C2A6F02B3F213E009EA270 /* MedicinesView.swift */,
				42C2A6EC2B3F20DE009EA270 /* UrgentCareView.swift */,
				42C2A70C2B3F431A009EA270 /* DonationView.swift */,
				42C2A7042B3F3923009EA270 /* CallView.swift */,
				42C2A7062B3F39B2009EA270 /* ChatView.swift */,
				42C2A7082B3F3A0A009EA270 /* VcallView.swift */,
				42C2A70A2B3F3B5A009EA270 /* ProfileView.swift */,
				4B0EE8512B6407B8002A01CB /* UserAgreement.swift */,
				4B0EE8762B6408E9002A01CB /* FirebaseViewModel.swift */,
				4B0EE87A2B64091A002A01CB /* viewModelLocator.swift */,
				4BF723B02B6E2B0900910FE3 /* GoogleService-Info.plist */,
				42C2A6BE2B3F06BD009EA270 /* Assets.xcassets */,
				42C2A6C02B3F06BD009EA270 /* Preview Content */,
			);
			path = "MediBridge final1";
			sourceTree = "<group>";
		};
		42C2A6C02B3F06BD009EA270 /* Preview Content */ = {
			isa = PBXGroup;
			children = (
				42C2A6C12B3F06BD009EA270 /* Preview Assets.xcassets */,
			);
			path = "Preview Content";
			sourceTree = "<group>";
		};
		42C2A6CA2B3F06BE009EA270 /* MediBridge final1Tests */ = {
			isa = PBXGroup;
			children = (
				42C2A6CB2B3F06BE009EA270 /* MediBridge_final1Tests.swift */,
			);
			path = "MediBridge final1Tests";
			sourceTree = "<group>";
		};
		42C2A6D42B3F06BE009EA270 /* MediBridge final1UITests */ = {
			isa = PBXGroup;
			children = (
				42C2A6D52B3F06BE009EA270 /* MediBridge_final1UITests.swift */,
				42C2A6D72B3F06BE009EA270 /* MediBridge_final1UITestsLaunchTests.swift */,
			);
			path = "MediBridge final1UITests";
			sourceTree = "<group>";
		};
/* End PBXGroup section */

/* Begin PBXNativeTarget section */
		42C2A6B62B3F06BA009EA270 /* MediBridge final1 */ = {
			isa = PBXNativeTarget;
			buildConfigurationList = 42C2A6DB2B3F06BE009EA270 /* Build configuration list for PBXNativeTarget "MediBridge final1" */;
			buildPhases = (
				42C2A6B32B3F06BA009EA270 /* Sources */,
				42C2A6B42B3F06BA009EA270 /* Frameworks */,
				42C2A6B52B3F06BA009EA270 /* Resources */,
			);
			buildRules = (
			);
			dependencies = (
			);
			name = "MediBridge final1";
			packageProductDependencies = (
				4B8B5F5B2B6BE9EE00F90018 /* FirebaseAnalytics */,
				4B8B5F5D2B6BE9EE00F90018 /* FirebaseAnalyticsSwift */,
				4B8B5F5F2B6BE9EE00F90018 /* FirebaseAppCheck */,
				4B8B5F612B6BE9EE00F90018 /* FirebaseAppDistribution-Beta */,
				4B8B5F632B6BE9EE00F90018 /* FirebaseAuth */,
				4B8B5F672B6BE9EE00F90018 /* FirebaseDatabase */,
				4B8B5F692B6BE9EE00F90018 /* FirebaseDatabaseSwift */,
				4B8B5F6B2B6BE9EE00F90018 /* FirebaseDynamicLinks */,
				4B8B5F6D2B6BE9EE00F90018 /* FirebaseFirestore */,
				4B8B5F712B6BE9EE00F90018 /* FirebaseFirestoreSwift */,
				4B8B5F732B6BE9EE00F90018 /* FirebaseFunctions */,
				4B8B5F7B2B6BE9EE00F90018 /* FirebaseInstallations */,
				4B8B5F7F2B6BE9EE00F90018 /* FirebaseStorage */,
			);
			productName = "MediBridge final1";
			productReference = 42C2A6B72B3F06BA009EA270 /* MediBridge final1.app */;
			productType = "com.apple.product-type.application";
		};
		42C2A6C62B3F06BE009EA270 /* MediBridge final1Tests */ = {
			isa = PBXNativeTarget;
			buildConfigurationList = 42C2A6DE2B3F06BE009EA270 /* Build configuration list for PBXNativeTarget "MediBridge final1Tests" */;
			buildPhases = (
				42C2A6C32B3F06BE009EA270 /* Sources */,
				42C2A6C42B3F06BE009EA270 /* Frameworks */,
				42C2A6C52B3F06BE009EA270 /* Resources */,
			);
			buildRules = (
			);
			dependencies = (
				42C2A6C92B3F06BE009EA270 /* PBXTargetDependency */,
			);
			name = "MediBridge final1Tests";
			productName = "MediBridge final1Tests";
			productReference = 42C2A6C72B3F06BE009EA270 /* MediBridge final1Tests.xctest */;
			productType = "com.apple.product-type.bundle.unit-test";
		};
		42C2A6D02B3F06BE009EA270 /* MediBridge final1UITests */ = {
			isa = PBXNativeTarget;
			buildConfigurationList = 42C2A6E12B3F06BE009EA270 /* Build configuration list for PBXNativeTarget "MediBridge final1UITests" */;
			buildPhases = (
				42C2A6CD2B3F06BE009EA270 /* Sources */,
				42C2A6CE2B3F06BE009EA270 /* Frameworks */,
				42C2A6CF2B3F06BE009EA270 /* Resources */,
			);
			buildRules = (
			);
			dependencies = (
				42C2A6D32B3F06BE009EA270 /* PBXTargetDependency */,
			);
			name = "MediBridge final1UITests";
			productName = "MediBridge final1UITests";
			productReference = 42C2A6D12B3F06BE009EA270 /* MediBridge final1UITests.xctest */;
			productType = "com.apple.product-type.bundle.ui-testing";
		};
/* End PBXNativeTarget section */

/* Begin PBXProject section */
		42C2A6AF2B3F06BA009EA270 /* Project object */ = {
			isa = PBXProject;
			attributes = {
				BuildIndependentTargetsInParallel = 1;
				LastSwiftUpdateCheck = 1510;
				LastUpgradeCheck = 1510;
				TargetAttributes = {
					42C2A6B62B3F06BA009EA270 = {
						CreatedOnToolsVersion = 15.1;
					};
					42C2A6C62B3F06BE009EA270 = {
						CreatedOnToolsVersion = 15.1;
						TestTargetID = 42C2A6B62B3F06BA009EA270;
					};
					42C2A6D02B3F06BE009EA270 = {
						CreatedOnToolsVersion = 15.1;
						TestTargetID = 42C2A6B62B3F06BA009EA270;
					};
				};
			};
			buildConfigurationList = 42C2A6B22B3F06BA009EA270 /* Build configuration list for PBXProject "MediBridge final1" */;
			compatibilityVersion = "Xcode 14.0";
			developmentRegion = en;
			hasScannedForEncodings = 0;
			knownRegions = (
				en,
				Base,
			);
			mainGroup = 42C2A6AE2B3F06BA009EA270;
			packageReferences = (
				4B8B5F5A2B6BE9EE00F90018 /* XCRemoteSwiftPackageReference "firebase-ios-sdk" */,
			);
			productRefGroup = 42C2A6B82B3F06BA009EA270 /* Products */;
			projectDirPath = "";
			projectRoot = "";
			targets = (
				42C2A6B62B3F06BA009EA270 /* MediBridge final1 */,
				42C2A6C62B3F06BE009EA270 /* MediBridge final1Tests */,
				42C2A6D02B3F06BE009EA270 /* MediBridge final1UITests */,
			);
		};
/* End PBXProject section */

/* Begin PBXResourcesBuildPhase section */
		42C2A6B52B3F06BA009EA270 /* Resources */ = {
			isa = PBXResourcesBuildPhase;
			buildActionMask = 2147483647;
			files = (
				42C2A6C22B3F06BD009EA270 /* Preview Assets.xcassets in Resources */,
				4BF723B12B6E2B0900910FE3 /* GoogleService-Info.plist in Resources */,
				42C2A6BF2B3F06BD009EA270 /* Assets.xcassets in Resources */,
			);
			runOnlyForDeploymentPostprocessing = 0;
		};
		42C2A6C52B3F06BE009EA270 /* Resources */ = {
			isa = PBXResourcesBuildPhase;
			buildActionMask = 2147483647;
			files = (
			);
			runOnlyForDeploymentPostprocessing = 0;
		};
		42C2A6CF2B3F06BE009EA270 /* Resources */ = {
			isa = PBXResourcesBuildPhase;
			buildActionMask = 2147483647;
			files = (
			);
			runOnlyForDeploymentPostprocessing = 0;
		};
/* End PBXResourcesBuildPhase section */

/* Begin PBXSourcesBuildPhase section */
		42C2A6B32B3F06BA009EA270 /* Sources */ = {
			isa = PBXSourcesBuildPhase;
			buildActionMask = 2147483647;
			files = (
				42C2A6F12B3F213E009EA270 /* MedicinesView.swift in Sources */,
				42C2A70B2B3F3B5A009EA270 /* ProfileView.swift in Sources */,
				42C2A6EF2B3F212E009EA270 /* Home2View.swift in Sources */,
				4BF723AD2B6E1C1500910FE3 /* AuthenticationManager.swift in Sources */,
				4B0EE8522B6407B8002A01CB /* UserAgreement.swift in Sources */,
				42C2A6BD2B3F06BA009EA270 /* ContentView.swift in Sources */,
				42C2A7092B3F3A0A009EA270 /* VcallView.swift in Sources */,
				42C2A6ED2B3F20DE009EA270 /* UrgentCareView.swift in Sources */,
				42C2A6BB2B3F06BA009EA270 /* MediBridge_final1App.swift in Sources */,
				42C2A7072B3F39B2009EA270 /* ChatView.swift in Sources */,
				42C2A6E72B3F202D009EA270 /* LoginView.swift in Sources */,
				42C2A6E52B3F0F38009EA270 /* ConditionsPageView.swift in Sources */,
				4BF723AF2B6E247900910FE3 /* AuthenticationView.swift in Sources */,
				42C2A6EB2B3F2085009EA270 /* SignUpView.swift in Sources */,
				42C2A7052B3F3923009EA270 /* CallView.swift in Sources */,
				42C2A70D2B3F431A009EA270 /* DonationView.swift in Sources */,
				42C2A6E92B3F2071009EA270 /* HomePageView.swift in Sources */,
				4B0EE87B2B64091A002A01CB /* viewModelLocator.swift in Sources */,
				4B0EE8772B6408E9002A01CB /* FirebaseViewModel.swift in Sources */,
			);
			runOnlyForDeploymentPostprocessing = 0;
		};
		42C2A6C32B3F06BE009EA270 /* Sources */ = {
			isa = PBXSourcesBuildPhase;
			buildActionMask = 2147483647;
			files = (
				4B0EE8782B6408E9002A01CB /* FirebaseViewModel.swift in Sources */,
				4B0EE87C2B64091A002A01CB /* viewModelLocator.swift in Sources */,
				42C2A6CC2B3F06BE009EA270 /* MediBridge_final1Tests.swift in Sources */,
				4B0EE8532B6407B8002A01CB /* UserAgreement.swift in Sources */,
			);
			runOnlyForDeploymentPostprocessing = 0;
		};
		42C2A6CD2B3F06BE009EA270 /* Sources */ = {
			isa = PBXSourcesBuildPhase;
			buildActionMask = 2147483647;
			files = (
				4B0EE8542B6407B8002A01CB /* UserAgreement.swift in Sources */,
				42C2A6D62B3F06BE009EA270 /* MediBridge_final1UITests.swift in Sources */,
				42C2A6D82B3F06BE009EA270 /* MediBridge_final1UITestsLaunchTests.swift in Sources */,
				4B0EE87D2B64091A002A01CB /* viewModelLocator.swift in Sources */,
				4B0EE8792B6408E9002A01CB /* FirebaseViewModel.swift in Sources */,
			);
			runOnlyForDeploymentPostprocessing = 0;
		};
/* End PBXSourcesBuildPhase section */

/* Begin PBXTargetDependency section */
		42C2A6C92B3F06BE009EA270 /* PBXTargetDependency */ = {
			isa = PBXTargetDependency;
			target = 42C2A6B62B3F06BA009EA270 /* MediBridge final1 */;
			targetProxy = 42C2A6C82B3F06BE009EA270 /* PBXContainerItemProxy */;
		};
		42C2A6D32B3F06BE009EA270 /* PBXTargetDependency */ = {
			isa = PBXTargetDependency;
			target = 42C2A6B62B3F06BA009EA270 /* MediBridge final1 */;
			targetProxy = 42C2A6D22B3F06BE009EA270 /* PBXContainerItemProxy */;
		};
/* End PBXTargetDependency section */

/* Begin XCBuildConfiguration section */
		42C2A6D92B3F06BE009EA270 /* Debug */ = {
			isa = XCBuildConfiguration;
			buildSettings = {
				ALWAYS_SEARCH_USER_PATHS = NO;
				ASSETCATALOG_COMPILER_GENERATE_SWIFT_ASSET_SYMBOL_EXTENSIONS = YES;
				CLANG_ANALYZER_NONNULL = YES;
				CLANG_ANALYZER_NUMBER_OBJECT_CONVERSION = YES_AGGRESSIVE;
				CLANG_CXX_LANGUAGE_STANDARD = "gnu++20";
				CLANG_ENABLE_MODULES = YES;
				CLANG_ENABLE_OBJC_ARC = YES;
				CLANG_ENABLE_OBJC_WEAK = YES;
				CLANG_WARN_BLOCK_CAPTURE_AUTORELEASING = YES;
				CLANG_WARN_BOOL_CONVERSION = YES;
				CLANG_WARN_COMMA = YES;
				CLANG_WARN_CONSTANT_CONVERSION = YES;
				CLANG_WARN_DEPRECATED_OBJC_IMPLEMENTATIONS = YES;
				CLANG_WARN_DIRECT_OBJC_ISA_USAGE = YES_ERROR;
				CLANG_WARN_DOCUMENTATION_COMMENTS = YES;
				CLANG_WARN_EMPTY_BODY = YES;
				CLANG_WARN_ENUM_CONVERSION = YES;
				CLANG_WARN_INFINITE_RECURSION = YES;
				CLANG_WARN_INT_CONVERSION = YES;
				CLANG_WARN_NON_LITERAL_NULL_CONVERSION = YES;
				CLANG_WARN_OBJC_IMPLICIT_RETAIN_SELF = YES;
				CLANG_WARN_OBJC_LITERAL_CONVERSION = YES;
				CLANG_WARN_OBJC_ROOT_CLASS = YES_ERROR;
				CLANG_WARN_QUOTED_INCLUDE_IN_FRAMEWORK_HEADER = YES;
				CLANG_WARN_RANGE_LOOP_ANALYSIS = YES;
				CLANG_WARN_STRICT_PROTOTYPES = YES;
				CLANG_WARN_SUSPICIOUS_MOVE = YES;
				CLANG_WARN_UNGUARDED_AVAILABILITY = YES_AGGRESSIVE;
				CLANG_WARN_UNREACHABLE_CODE = YES;
				CLANG_WARN__DUPLICATE_METHOD_MATCH = YES;
				COPY_PHASE_STRIP = NO;
				DEBUG_INFORMATION_FORMAT = dwarf;
				ENABLE_STRICT_OBJC_MSGSEND = YES;
				ENABLE_TESTABILITY = YES;
				ENABLE_USER_SCRIPT_SANDBOXING = YES;
				GCC_C_LANGUAGE_STANDARD = gnu17;
				GCC_DYNAMIC_NO_PIC = NO;
				GCC_NO_COMMON_BLOCKS = YES;
				GCC_OPTIMIZATION_LEVEL = 0;
				GCC_PREPROCESSOR_DEFINITIONS = (
					"DEBUG=1",
					"$(inherited)",
				);
				GCC_WARN_64_TO_32_BIT_CONVERSION = YES;
				GCC_WARN_ABOUT_RETURN_TYPE = YES_ERROR;
				GCC_WARN_UNDECLARED_SELECTOR = YES;
				GCC_WARN_UNINITIALIZED_AUTOS = YES_AGGRESSIVE;
				GCC_WARN_UNUSED_FUNCTION = YES;
				GCC_WARN_UNUSED_VARIABLE = YES;
				IPHONEOS_DEPLOYMENT_TARGET = 17.2;
				LOCALIZATION_PREFERS_STRING_CATALOGS = YES;
				MTL_ENABLE_DEBUG_INFO = INCLUDE_SOURCE;
				MTL_FAST_MATH = YES;
				ONLY_ACTIVE_ARCH = YES;
				SDKROOT = iphoneos;
				SWIFT_ACTIVE_COMPILATION_CONDITIONS = "DEBUG $(inherited)";
				SWIFT_OPTIMIZATION_LEVEL = "-Onone";
			};
			name = Debug;
		};
		42C2A6DA2B3F06BE009EA270 /* Release */ = {
			isa = XCBuildConfiguration;
			buildSettings = {
				ALWAYS_SEARCH_USER_PATHS = NO;
				ASSETCATALOG_COMPILER_GENERATE_SWIFT_ASSET_SYMBOL_EXTENSIONS = YES;
				CLANG_ANALYZER_NONNULL = YES;
				CLANG_ANALYZER_NUMBER_OBJECT_CONVERSION = YES_AGGRESSIVE;
				CLANG_CXX_LANGUAGE_STANDARD = "gnu++20";
				CLANG_ENABLE_MODULES = YES;
				CLANG_ENABLE_OBJC_ARC = YES;
				CLANG_ENABLE_OBJC_WEAK = YES;
				CLANG_WARN_BLOCK_CAPTURE_AUTORELEASING = YES;
				CLANG_WARN_BOOL_CONVERSION = YES;
				CLANG_WARN_COMMA = YES;
				CLANG_WARN_CONSTANT_CONVERSION = YES;
				CLANG_WARN_DEPRECATED_OBJC_IMPLEMENTATIONS = YES;
				CLANG_WARN_DIRECT_OBJC_ISA_USAGE = YES_ERROR;
				CLANG_WARN_DOCUMENTATION_COMMENTS = YES;
				CLANG_WARN_EMPTY_BODY = YES;
				CLANG_WARN_ENUM_CONVERSION = YES;
				CLANG_WARN_INFINITE_RECURSION = YES;
				CLANG_WARN_INT_CONVERSION = YES;
				CLANG_WARN_NON_LITERAL_NULL_CONVERSION = YES;
				CLANG_WARN_OBJC_IMPLICIT_RETAIN_SELF = YES;
				CLANG_WARN_OBJC_LITERAL_CONVERSION = YES;
				CLANG_WARN_OBJC_ROOT_CLASS = YES_ERROR;
				CLANG_WARN_QUOTED_INCLUDE_IN_FRAMEWORK_HEADER = YES;
				CLANG_WARN_RANGE_LOOP_ANALYSIS = YES;
				CLANG_WARN_STRICT_PROTOTYPES = YES;
				CLANG_WARN_SUSPICIOUS_MOVE = YES;
				CLANG_WARN_UNGUARDED_AVAILABILITY = YES_AGGRESSIVE;
				CLANG_WARN_UNREACHABLE_CODE = YES;
				CLANG_WARN__DUPLICATE_METHOD_MATCH = YES;
				COPY_PHASE_STRIP = NO;
				DEBUG_INFORMATION_FORMAT = "dwarf-with-dsym";
				ENABLE_NS_ASSERTIONS = NO;
				ENABLE_STRICT_OBJC_MSGSEND = YES;
				ENABLE_USER_SCRIPT_SANDBOXING = YES;
				GCC_C_LANGUAGE_STANDARD = gnu17;
				GCC_NO_COMMON_BLOCKS = YES;
				GCC_WARN_64_TO_32_BIT_CONVERSION = YES;
				GCC_WARN_ABOUT_RETURN_TYPE = YES_ERROR;
				GCC_WARN_UNDECLARED_SELECTOR = YES;
				GCC_WARN_UNINITIALIZED_AUTOS = YES_AGGRESSIVE;
				GCC_WARN_UNUSED_FUNCTION = YES;
				GCC_WARN_UNUSED_VARIABLE = YES;
				IPHONEOS_DEPLOYMENT_TARGET = 17.2;
				LOCALIZATION_PREFERS_STRING_CATALOGS = YES;
				MTL_ENABLE_DEBUG_INFO = NO;
				MTL_FAST_MATH = YES;
				SDKROOT = iphoneos;
				SWIFT_COMPILATION_MODE = wholemodule;
				VALIDATE_PRODUCT = YES;
			};
			name = Release;
		};
		42C2A6DC2B3F06BE009EA270 /* Debug */ = {
			isa = XCBuildConfiguration;
			buildSettings = {
				ASSETCATALOG_COMPILER_APPICON_NAME = AppIcon;
				ASSETCATALOG_COMPILER_GLOBAL_ACCENT_COLOR_NAME = AccentColor;
				CODE_SIGN_STYLE = Automatic;
				CURRENT_PROJECT_VERSION = 1;
				DEVELOPMENT_ASSET_PATHS = "\"MediBridge final1/Preview Content\"";
				DEVELOPMENT_TEAM = 5JTBJ3Q25V;
				ENABLE_PREVIEWS = YES;
				GENERATE_INFOPLIST_FILE = YES;
				INFOPLIST_KEY_LSApplicationCategoryType = "public.app-category.healthcare-fitness";
				INFOPLIST_KEY_UIApplicationSceneManifest_Generation = YES;
				INFOPLIST_KEY_UIApplicationSupportsIndirectInputEvents = YES;
				INFOPLIST_KEY_UILaunchScreen_Generation = YES;
				INFOPLIST_KEY_UISupportedInterfaceOrientations_iPad = "UIInterfaceOrientationPortrait UIInterfaceOrientationPortraitUpsideDown UIInterfaceOrientationLandscapeLeft UIInterfaceOrientationLandscapeRight";
				INFOPLIST_KEY_UISupportedInterfaceOrientations_iPhone = "UIInterfaceOrientationPortrait UIInterfaceOrientationLandscapeLeft UIInterfaceOrientationLandscapeRight";
				LD_RUNPATH_SEARCH_PATHS = (
					"$(inherited)",
					"@executable_path/Frameworks",
				);
				MARKETING_VERSION = 1.0;
				PRODUCT_BUNDLE_IDENTIFIER = com.ssaa.medibridge;
				PRODUCT_NAME = "$(TARGET_NAME)";
				SWIFT_EMIT_LOC_STRINGS = YES;
				SWIFT_VERSION = 5.0;
				TARGETED_DEVICE_FAMILY = "1,2";
			};
			name = Debug;
		};
		42C2A6DD2B3F06BE009EA270 /* Release */ = {
			isa = XCBuildConfiguration;
			buildSettings = {
				ASSETCATALOG_COMPILER_APPICON_NAME = AppIcon;
				ASSETCATALOG_COMPILER_GLOBAL_ACCENT_COLOR_NAME = AccentColor;
				CODE_SIGN_STYLE = Automatic;
				CURRENT_PROJECT_VERSION = 1;
				DEVELOPMENT_ASSET_PATHS = "\"MediBridge final1/Preview Content\"";
				DEVELOPMENT_TEAM = 5JTBJ3Q25V;
				ENABLE_PREVIEWS = YES;
				GENERATE_INFOPLIST_FILE = YES;
				INFOPLIST_KEY_LSApplicationCategoryType = "public.app-category.healthcare-fitness";
				INFOPLIST_KEY_UIApplicationSceneManifest_Generation = YES;
				INFOPLIST_KEY_UIApplicationSupportsIndirectInputEvents = YES;
				INFOPLIST_KEY_UILaunchScreen_Generation = YES;
				INFOPLIST_KEY_UISupportedInterfaceOrientations_iPad = "UIInterfaceOrientationPortrait UIInterfaceOrientationPortraitUpsideDown UIInterfaceOrientationLandscapeLeft UIInterfaceOrientationLandscapeRight";
				INFOPLIST_KEY_UISupportedInterfaceOrientations_iPhone = "UIInterfaceOrientationPortrait UIInterfaceOrientationLandscapeLeft UIInterfaceOrientationLandscapeRight";
				LD_RUNPATH_SEARCH_PATHS = (
					"$(inherited)",
					"@executable_path/Frameworks",
				);
				MARKETING_VERSION = 1.0;
				PRODUCT_BUNDLE_IDENTIFIER = com.ssaa.medibridge;
				PRODUCT_NAME = "$(TARGET_NAME)";
				SWIFT_EMIT_LOC_STRINGS = YES;
				SWIFT_VERSION = 5.0;
				TARGETED_DEVICE_FAMILY = "1,2";
			};
			name = Release;
		};
		42C2A6DF2B3F06BE009EA270 /* Debug */ = {
			isa = XCBuildConfiguration;
			buildSettings = {
				ALWAYS_EMBED_SWIFT_STANDARD_LIBRARIES = YES;
				BUNDLE_LOADER = "$(TEST_HOST)";
				CODE_SIGN_STYLE = Automatic;
				CURRENT_PROJECT_VERSION = 1;
				GENERATE_INFOPLIST_FILE = YES;
				IPHONEOS_DEPLOYMENT_TARGET = 17.2;
				MARKETING_VERSION = 1.0;
				PRODUCT_BUNDLE_IDENTIFIER = "Sidrah.MediBridge-final1Tests";
				PRODUCT_NAME = "$(TARGET_NAME)";
				SWIFT_EMIT_LOC_STRINGS = NO;
				SWIFT_VERSION = 5.0;
				TARGETED_DEVICE_FAMILY = "1,2";
				TEST_HOST = "$(BUILT_PRODUCTS_DIR)/MediBridge final1.app/$(BUNDLE_EXECUTABLE_FOLDER_PATH)/MediBridge final1";
			};
			name = Debug;
		};
		42C2A6E02B3F06BE009EA270 /* Release */ = {
			isa = XCBuildConfiguration;
			buildSettings = {
				ALWAYS_EMBED_SWIFT_STANDARD_LIBRARIES = YES;
				BUNDLE_LOADER = "$(TEST_HOST)";
				CODE_SIGN_STYLE = Automatic;
				CURRENT_PROJECT_VERSION = 1;
				GENERATE_INFOPLIST_FILE = YES;
				IPHONEOS_DEPLOYMENT_TARGET = 17.2;
				MARKETING_VERSION = 1.0;
				PRODUCT_BUNDLE_IDENTIFIER = "Sidrah.MediBridge-final1Tests";
				PRODUCT_NAME = "$(TARGET_NAME)";
				SWIFT_EMIT_LOC_STRINGS = NO;
				SWIFT_VERSION = 5.0;
				TARGETED_DEVICE_FAMILY = "1,2";
				TEST_HOST = "$(BUILT_PRODUCTS_DIR)/MediBridge final1.app/$(BUNDLE_EXECUTABLE_FOLDER_PATH)/MediBridge final1";
			};
			name = Release;
		};
		42C2A6E22B3F06BE009EA270 /* Debug */ = {
			isa = XCBuildConfiguration;
			buildSettings = {
				ALWAYS_EMBED_SWIFT_STANDARD_LIBRARIES = YES;
				CODE_SIGN_STYLE = Automatic;
				CURRENT_PROJECT_VERSION = 1;
				GENERATE_INFOPLIST_FILE = YES;
				MARKETING_VERSION = 1.0;
				PRODUCT_BUNDLE_IDENTIFIER = "Sidrah.MediBridge-final1UITests";
				PRODUCT_NAME = "$(TARGET_NAME)";
				SWIFT_EMIT_LOC_STRINGS = NO;
				SWIFT_VERSION = 5.0;
				TARGETED_DEVICE_FAMILY = "1,2";
				TEST_TARGET_NAME = "MediBridge final1";
			};
			name = Debug;
		};
		42C2A6E32B3F06BE009EA270 /* Release */ = {
			isa = XCBuildConfiguration;
			buildSettings = {
				ALWAYS_EMBED_SWIFT_STANDARD_LIBRARIES = YES;
				CODE_SIGN_STYLE = Automatic;
				CURRENT_PROJECT_VERSION = 1;
				GENERATE_INFOPLIST_FILE = YES;
				MARKETING_VERSION = 1.0;
				PRODUCT_BUNDLE_IDENTIFIER = "Sidrah.MediBridge-final1UITests";
				PRODUCT_NAME = "$(TARGET_NAME)";
				SWIFT_EMIT_LOC_STRINGS = NO;
				SWIFT_VERSION = 5.0;
				TARGETED_DEVICE_FAMILY = "1,2";
				TEST_TARGET_NAME = "MediBridge final1";
			};
			name = Release;
		};
/* End XCBuildConfiguration section */

/* Begin XCConfigurationList section */
		42C2A6B22B3F06BA009EA270 /* Build configuration list for PBXProject "MediBridge final1" */ = {
			isa = XCConfigurationList;
			buildConfigurations = (
				42C2A6D92B3F06BE009EA270 /* Debug */,
				42C2A6DA2B3F06BE009EA270 /* Release */,
			);
			defaultConfigurationIsVisible = 0;
			defaultConfigurationName = Release;
		};
		42C2A6DB2B3F06BE009EA270 /* Build configuration list for PBXNativeTarget "MediBridge final1" */ = {
			isa = XCConfigurationList;
			buildConfigurations = (
				42C2A6DC2B3F06BE009EA270 /* Debug */,
				42C2A6DD2B3F06BE009EA270 /* Release */,
			);
			defaultConfigurationIsVisible = 0;
			defaultConfigurationName = Release;
		};
		42C2A6DE2B3F06BE009EA270 /* Build configuration list for PBXNativeTarget "MediBridge final1Tests" */ = {
			isa = XCConfigurationList;
			buildConfigurations = (
				42C2A6DF2B3F06BE009EA270 /* Debug */,
				42C2A6E02B3F06BE009EA270 /* Release */,
			);
			defaultConfigurationIsVisible = 0;
			defaultConfigurationName = Release;
		};
		42C2A6E12B3F06BE009EA270 /* Build configuration list for PBXNativeTarget "MediBridge final1UITests" */ = {
			isa = XCConfigurationList;
			buildConfigurations = (
				42C2A6E22B3F06BE009EA270 /* Debug */,
				42C2A6E32B3F06BE009EA270 /* Release */,
			);
			defaultConfigurationIsVisible = 0;
			defaultConfigurationName = Release;
		};
/* End XCConfigurationList section */

/* Begin XCRemoteSwiftPackageReference section */
		4B8B5F5A2B6BE9EE00F90018 /* XCRemoteSwiftPackageReference "firebase-ios-sdk" */ = {
			isa = XCRemoteSwiftPackageReference;
			repositoryURL = "https://github.com/firebase/firebase-ios-sdk";
			requirement = {
				kind = upToNextMajorVersion;
				minimumVersion = 10.20.0;
			};
		};
/* End XCRemoteSwiftPackageReference section */

/* Begin XCSwiftPackageProductDependency section */
		4B8B5F5B2B6BE9EE00F90018 /* FirebaseAnalytics */ = {
			isa = XCSwiftPackageProductDependency;
			package = 4B8B5F5A2B6BE9EE00F90018 /* XCRemoteSwiftPackageReference "firebase-ios-sdk" */;
			productName = FirebaseAnalytics;
		};
		4B8B5F5D2B6BE9EE00F90018 /* FirebaseAnalyticsSwift */ = {
			isa = XCSwiftPackageProductDependency;
			package = 4B8B5F5A2B6BE9EE00F90018 /* XCRemoteSwiftPackageReference "firebase-ios-sdk" */;
			productName = FirebaseAnalyticsSwift;
		};
		4B8B5F5F2B6BE9EE00F90018 /* FirebaseAppCheck */ = {
			isa = XCSwiftPackageProductDependency;
			package = 4B8B5F5A2B6BE9EE00F90018 /* XCRemoteSwiftPackageReference "firebase-ios-sdk" */;
			productName = FirebaseAppCheck;
		};
		4B8B5F612B6BE9EE00F90018 /* FirebaseAppDistribution-Beta */ = {
			isa = XCSwiftPackageProductDependency;
			package = 4B8B5F5A2B6BE9EE00F90018 /* XCRemoteSwiftPackageReference "firebase-ios-sdk" */;
			productName = "FirebaseAppDistribution-Beta";
		};
		4B8B5F632B6BE9EE00F90018 /* FirebaseAuth */ = {
			isa = XCSwiftPackageProductDependency;
			package = 4B8B5F5A2B6BE9EE00F90018 /* XCRemoteSwiftPackageReference "firebase-ios-sdk" */;
			productName = FirebaseAuth;
		};
		4B8B5F672B6BE9EE00F90018 /* FirebaseDatabase */ = {
			isa = XCSwiftPackageProductDependency;
			package = 4B8B5F5A2B6BE9EE00F90018 /* XCRemoteSwiftPackageReference "firebase-ios-sdk" */;
			productName = FirebaseDatabase;
		};
		4B8B5F692B6BE9EE00F90018 /* FirebaseDatabaseSwift */ = {
			isa = XCSwiftPackageProductDependency;
			package = 4B8B5F5A2B6BE9EE00F90018 /* XCRemoteSwiftPackageReference "firebase-ios-sdk" */;
			productName = FirebaseDatabaseSwift;
		};
		4B8B5F6B2B6BE9EE00F90018 /* FirebaseDynamicLinks */ = {
			isa = XCSwiftPackageProductDependency;
			package = 4B8B5F5A2B6BE9EE00F90018 /* XCRemoteSwiftPackageReference "firebase-ios-sdk" */;
			productName = FirebaseDynamicLinks;
		};
		4B8B5F6D2B6BE9EE00F90018 /* FirebaseFirestore */ = {
			isa = XCSwiftPackageProductDependency;
			package = 4B8B5F5A2B6BE9EE00F90018 /* XCRemoteSwiftPackageReference "firebase-ios-sdk" */;
			productName = FirebaseFirestore;
		};
		4B8B5F712B6BE9EE00F90018 /* FirebaseFirestoreSwift */ = {
			isa = XCSwiftPackageProductDependency;
			package = 4B8B5F5A2B6BE9EE00F90018 /* XCRemoteSwiftPackageReference "firebase-ios-sdk" */;
			productName = FirebaseFirestoreSwift;
		};
		4B8B5F732B6BE9EE00F90018 /* FirebaseFunctions */ = {
			isa = XCSwiftPackageProductDependency;
			package = 4B8B5F5A2B6BE9EE00F90018 /* XCRemoteSwiftPackageReference "firebase-ios-sdk" */;
			productName = FirebaseFunctions;
		};
		4B8B5F7B2B6BE9EE00F90018 /* FirebaseInstallations */ = {
			isa = XCSwiftPackageProductDependency;
			package = 4B8B5F5A2B6BE9EE00F90018 /* XCRemoteSwiftPackageReference "firebase-ios-sdk" */;
			productName = FirebaseInstallations;
		};
		4B8B5F7F2B6BE9EE00F90018 /* FirebaseStorage */ = {
			isa = XCSwiftPackageProductDependency;
			package = 4B8B5F5A2B6BE9EE00F90018 /* XCRemoteSwiftPackageReference "firebase-ios-sdk" */;
			productName = FirebaseStorage;
		};
/* End XCSwiftPackageProductDependency section */
	};
	rootObject = 42C2A6AF2B3F06BA009EA270 /* Project object */;
}
